// !$*UTF8*$!
{
	archiveVersion = 1;
	classes = {
	};
	objectVersion = 56;
	objects = {

/* Begin PBXBuildFile section */
		9D07CA8528DC953000C9CC0B /* RecipeList.swift in Sources */ = {isa = PBXBuildFile; fileRef = 9D07CA8428DC952F00C9CC0B /* RecipeList.swift */; };
		9D07CA8728DC9EEC00C9CC0B /* RecipeView.swift in Sources */ = {isa = PBXBuildFile; fileRef = 9D07CA8628DC9EEC00C9CC0B /* RecipeView.swift */; };
		9D07CA8928DCAEE800C9CC0B /* CategoryView.swift in Sources */ = {isa = PBXBuildFile; fileRef = 9D07CA8828DCAEE800C9CC0B /* CategoryView.swift */; };
		9D83BF6428DB3E7E003EE2BD /* RecipeModel.swift in Sources */ = {isa = PBXBuildFile; fileRef = 9D83BF6328DB3E7E003EE2BD /* RecipeModel.swift */; };
		9D83BF6628DB5A48003EE2BD /* RecipeCard.swift in Sources */ = {isa = PBXBuildFile; fileRef = 9D83BF6528DB5A48003EE2BD /* RecipeCard.swift */; };
		9DAA7A5728D9F46D00456DCC /* RecepieSaverApp.swift in Sources */ = {isa = PBXBuildFile; fileRef = 9DAA7A5628D9F46D00456DCC /* RecepieSaverApp.swift */; };
		9DAA7A5928D9F46D00456DCC /* ContentView.swift in Sources */ = {isa = PBXBuildFile; fileRef = 9DAA7A5828D9F46D00456DCC /* ContentView.swift */; };
		9DAA7A5B28D9F47000456DCC /* Assets.xcassets in Resources */ = {isa = PBXBuildFile; fileRef = 9DAA7A5A28D9F47000456DCC /* Assets.xcassets */; };
		9DAA7A5E28D9F47000456DCC /* Preview Assets.xcassets in Resources */ = {isa = PBXBuildFile; fileRef = 9DAA7A5D28D9F47000456DCC /* Preview Assets.xcassets */; };
		9DAA7A6C28D9F61100456DCC /* HomeView.swift in Sources */ = {isa = PBXBuildFile; fileRef = 9DAA7A6B28D9F61000456DCC /* HomeView.swift */; };
		9DAA7A6E28D9F62200456DCC /* CategoriesView.swift in Sources */ = {isa = PBXBuildFile; fileRef = 9DAA7A6D28D9F62200456DCC /* CategoriesView.swift */; };
		9DAA7A7228D9F65B00456DCC /* FavoritesView.swift in Sources */ = {isa = PBXBuildFile; fileRef = 9DAA7A7128D9F65B00456DCC /* FavoritesView.swift */; };
		9DAA7A7428D9F66A00456DCC /* SettingsView.swift in Sources */ = {isa = PBXBuildFile; fileRef = 9DAA7A7328D9F66A00456DCC /* SettingsView.swift */; };
		9DAA7A7628D9F7A800456DCC /* NewRecipeView.swift in Sources */ = {isa = PBXBuildFile; fileRef = 9DAA7A7528D9F7A800456DCC /* NewRecipeView.swift */; };
		9DAA7A7828D9F9A800456DCC /* TabBar.swift in Sources */ = {isa = PBXBuildFile; fileRef = 9DAA7A7728D9F9A800456DCC /* TabBar.swift */; };
		9DCA0E6928DEBF7400B08013 /* AddRecipeView.swift in Sources */ = {isa = PBXBuildFile; fileRef = 9DCA0E6828DEBF7400B08013 /* AddRecipeView.swift */; };
		9DCA0E6B28DEE85100B08013 /* RecipesViewModel.swift in Sources */ = {isa = PBXBuildFile; fileRef = 9DCA0E6A28DEE85100B08013 /* RecipesViewModel.swift */; };
/* End PBXBuildFile section */

/* Begin PBXFileReference section */
		9D07CA8428DC952F00C9CC0B /* RecipeList.swift */ = {isa = PBXFileReference; lastKnownFileType = sourcecode.swift; path = RecipeList.swift; sourceTree = "<group>"; };
		9D07CA8628DC9EEC00C9CC0B /* RecipeView.swift */ = {isa = PBXFileReference; lastKnownFileType = sourcecode.swift; path = RecipeView.swift; sourceTree = "<group>"; };
		9D07CA8828DCAEE800C9CC0B /* CategoryView.swift */ = {isa = PBXFileReference; lastKnownFileType = sourcecode.swift; path = CategoryView.swift; sourceTree = "<group>"; };
		9D83BF6328DB3E7E003EE2BD /* RecipeModel.swift */ = {isa = PBXFileReference; lastKnownFileType = sourcecode.swift; path = RecipeModel.swift; sourceTree = "<group>"; };
		9D83BF6528DB5A48003EE2BD /* RecipeCard.swift */ = {isa = PBXFileReference; lastKnownFileType = sourcecode.swift; path = RecipeCard.swift; sourceTree = "<group>"; };
		9DAA7A5328D9F46D00456DCC /* RecepieSaver.app */ = {isa = PBXFileReference; explicitFileType = wrapper.application; includeInIndex = 0; path = RecepieSaver.app; sourceTree = BUILT_PRODUCTS_DIR; };
		9DAA7A5628D9F46D00456DCC /* RecepieSaverApp.swift */ = {isa = PBXFileReference; lastKnownFileType = sourcecode.swift; path = RecepieSaverApp.swift; sourceTree = "<group>"; };
		9DAA7A5828D9F46D00456DCC /* ContentView.swift */ = {isa = PBXFileReference; lastKnownFileType = sourcecode.swift; path = ContentView.swift; sourceTree = "<group>"; };
		9DAA7A5A28D9F47000456DCC /* Assets.xcassets */ = {isa = PBXFileReference; lastKnownFileType = folder.assetcatalog; path = Assets.xcassets; sourceTree = "<group>"; };
		9DAA7A5D28D9F47000456DCC /* Preview Assets.xcassets */ = {isa = PBXFileReference; lastKnownFileType = folder.assetcatalog; path = "Preview Assets.xcassets"; sourceTree = "<group>"; };
		9DAA7A6B28D9F61000456DCC /* HomeView.swift */ = {isa = PBXFileReference; lastKnownFileType = sourcecode.swift; path = HomeView.swift; sourceTree = "<group>"; };
		9DAA7A6D28D9F62200456DCC /* CategoriesView.swift */ = {isa = PBXFileReference; lastKnownFileType = sourcecode.swift; path = CategoriesView.swift; sourceTree = "<group>"; };
		9DAA7A7128D9F65B00456DCC /* FavoritesView.swift */ = {isa = PBXFileReference; lastKnownFileType = sourcecode.swift; path = FavoritesView.swift; sourceTree = "<group>"; };
		9DAA7A7328D9F66A00456DCC /* SettingsView.swift */ = {isa = PBXFileReference; lastKnownFileType = sourcecode.swift; path = SettingsView.swift; sourceTree = "<group>"; };
		9DAA7A7528D9F7A800456DCC /* NewRecipeView.swift */ = {isa = PBXFileReference; lastKnownFileType = sourcecode.swift; path = NewRecipeView.swift; sourceTree = "<group>"; };
		9DAA7A7728D9F9A800456DCC /* TabBar.swift */ = {isa = PBXFileReference; lastKnownFileType = sourcecode.swift; path = TabBar.swift; sourceTree = "<group>"; };
		9DCA0E6828DEBF7400B08013 /* AddRecipeView.swift */ = {isa = PBXFileReference; lastKnownFileType = sourcecode.swift; path = AddRecipeView.swift; sourceTree = "<group>"; };
		9DCA0E6A28DEE85100B08013 /* RecipesViewModel.swift */ = {isa = PBXFileReference; lastKnownFileType = sourcecode.swift; path = RecipesViewModel.swift; sourceTree = "<group>"; };
/* End PBXFileReference section */

/* Begin PBXFrameworksBuildPhase section */
		9DAA7A5028D9F46D00456DCC /* Frameworks */ = {
			isa = PBXFrameworksBuildPhase;
			buildActionMask = 2147483647;
			files = (
			);
			runOnlyForDeploymentPostprocessing = 0;
		};
/* End PBXFrameworksBuildPhase section */

/* Begin PBXGroup section */
		9DAA7A4A28D9F46D00456DCC = {
			isa = PBXGroup;
			children = (
				9DAA7A5528D9F46D00456DCC /* RecepieSaver */,
				9DAA7A5428D9F46D00456DCC /* Products */,
			);
			sourceTree = "<group>";
		};
		9DAA7A5428D9F46D00456DCC /* Products */ = {
			isa = PBXGroup;
			children = (
				9DAA7A5328D9F46D00456DCC /* RecepieSaver.app */,
			);
			name = Products;
			sourceTree = "<group>";
		};
		9DAA7A5528D9F46D00456DCC /* RecepieSaver */ = {
			isa = PBXGroup;
			children = (
				9DAA7A5628D9F46D00456DCC /* RecepieSaverApp.swift */,
				9DAA7A6428D9F4CE00456DCC /* Views */,
				9DAA7A6928D9F58F00456DCC /* ViewModels */,
				9DAA7A6A28D9F5A400456DCC /* Models */,
				9DAA7A5A28D9F47000456DCC /* Assets.xcassets */,
				9DAA7A5C28D9F47000456DCC /* Preview Content */,
			);
			path = RecepieSaver;
			sourceTree = "<group>";
		};
		9DAA7A5C28D9F47000456DCC /* Preview Content */ = {
			isa = PBXGroup;
			children = (
				9DAA7A5D28D9F47000456DCC /* Preview Assets.xcassets */,
			);
			path = "Preview Content";
			sourceTree = "<group>";
		};
		9DAA7A6428D9F4CE00456DCC /* Views */ = {
			isa = PBXGroup;
			children = (
				9DAA7A6528D9F4DF00456DCC /* Main */,
				9DAA7A6828D9F53E00456DCC /* Detail */,
				9DAA7A6728D9F51900456DCC /* Components */,
			);
			path = Views;
			sourceTree = "<group>";
		};
		9DAA7A6528D9F4DF00456DCC /* Main */ = {
			isa = PBXGroup;
			children = (
				9DAA7A5828D9F46D00456DCC /* ContentView.swift */,
				9DAA7A7728D9F9A800456DCC /* TabBar.swift */,
				9DAA7A6B28D9F61000456DCC /* HomeView.swift */,
				9DAA7A6D28D9F62200456DCC /* CategoriesView.swift */,
				9DAA7A7528D9F7A800456DCC /* NewRecipeView.swift */,
				9DAA7A7128D9F65B00456DCC /* FavoritesView.swift */,
				9DAA7A7328D9F66A00456DCC /* SettingsView.swift */,
			);
			path = Main;
			sourceTree = "<group>";
		};
		9DAA7A6728D9F51900456DCC /* Components */ = {
			isa = PBXGroup;
			children = (
				9D83BF6528DB5A48003EE2BD /* RecipeCard.swift */,
				9D07CA8428DC952F00C9CC0B /* RecipeList.swift */,
			);
			path = Components;
			sourceTree = "<group>";
		};
		9DAA7A6828D9F53E00456DCC /* Detail */ = {
			isa = PBXGroup;
			children = (
				9D07CA8628DC9EEC00C9CC0B /* RecipeView.swift */,
				9D07CA8828DCAEE800C9CC0B /* CategoryView.swift */,
				9DCA0E6828DEBF7400B08013 /* AddRecipeView.swift */,
			);
			path = Detail;
			sourceTree = "<group>";
		};
		9DAA7A6928D9F58F00456DCC /* ViewModels */ = {
			isa = PBXGroup;
			children = (
				9DCA0E6A28DEE85100B08013 /* RecipesViewModel.swift */,
			);
			path = ViewModels;
			sourceTree = "<group>";
		};
		9DAA7A6A28D9F5A400456DCC /* Models */ = {
			isa = PBXGroup;
			children = (
				9D83BF6328DB3E7E003EE2BD /* RecipeModel.swift */,
			);
			path = Models;
			sourceTree = "<group>";
		};
/* End PBXGroup section */

/* Begin PBXNativeTarget section */
		9DAA7A5228D9F46D00456DCC /* RecepieSaver */ = {
			isa = PBXNativeTarget;
			buildConfigurationList = 9DAA7A6128D9F47000456DCC /* Build configuration list for PBXNativeTarget "RecepieSaver" */;
			buildPhases = (
				9DAA7A4F28D9F46D00456DCC /* Sources */,
				9DAA7A5028D9F46D00456DCC /* Frameworks */,
				9DAA7A5128D9F46D00456DCC /* Resources */,
			);
			buildRules = (
			);
			dependencies = (
			);
			name = RecepieSaver;
			productName = RecepieSaver;
			productReference = 9DAA7A5328D9F46D00456DCC /* RecepieSaver.app */;
			productType = "com.apple.product-type.application";
		};
/* End PBXNativeTarget section */

/* Begin PBXProject section */
		9DAA7A4B28D9F46D00456DCC /* Project object */ = {
			isa = PBXProject;
			attributes = {
				BuildIndependentTargetsInParallel = 1;
				LastSwiftUpdateCheck = 1400;
				LastUpgradeCheck = 1400;
				TargetAttributes = {
					9DAA7A5228D9F46D00456DCC = {
						CreatedOnToolsVersion = 14.0;
					};
				};
			};
			buildConfigurationList = 9DAA7A4E28D9F46D00456DCC /* Build configuration list for PBXProject "RecepieSaver" */;
			compatibilityVersion = "Xcode 14.0";
			developmentRegion = en;
			hasScannedForEncodings = 0;
			knownRegions = (
				en,
				Base,
			);
			mainGroup = 9DAA7A4A28D9F46D00456DCC;
			productRefGroup = 9DAA7A5428D9F46D00456DCC /* Products */;
			projectDirPath = "";
			projectRoot = "";
			targets = (
				9DAA7A5228D9F46D00456DCC /* RecepieSaver */,
			);
		};
/* End PBXProject section */

/* Begin PBXResourcesBuildPhase section */
		9DAA7A5128D9F46D00456DCC /* Resources */ = {
			isa = PBXResourcesBuildPhase;
			buildActionMask = 2147483647;
			files = (
				9DAA7A5E28D9F47000456DCC /* Preview Assets.xcassets in Resources */,
				9DAA7A5B28D9F47000456DCC /* Assets.xcassets in Resources */,
			);
			runOnlyForDeploymentPostprocessing = 0;
		};
/* End PBXResourcesBuildPhase section */

/* Begin PBXSourcesBuildPhase section */
		9DAA7A4F28D9F46D00456DCC /* Sources */ = {
			isa = PBXSourcesBuildPhase;
			buildActionMask = 2147483647;
			files = (
				9DCA0E6928DEBF7400B08013 /* AddRecipeView.swift in Sources */,
				9DAA7A7428D9F66A00456DCC /* SettingsView.swift in Sources */,
				9D83BF6628DB5A48003EE2BD /* RecipeCard.swift in Sources */,
				9DAA7A6E28D9F62200456DCC /* CategoriesView.swift in Sources */,
				9DAA7A7228D9F65B00456DCC /* FavoritesView.swift in Sources */,
				9DAA7A7828D9F9A800456DCC /* TabBar.swift in Sources */,
				9D07CA8928DCAEE800C9CC0B /* CategoryView.swift in Sources */,
				9DAA7A6C28D9F61100456DCC /* HomeView.swift in Sources */,
				9D07CA8728DC9EEC00C9CC0B /* RecipeView.swift in Sources */,
				9D07CA8528DC953000C9CC0B /* RecipeList.swift in Sources */,
				9DAA7A7628D9F7A800456DCC /* NewRecipeView.swift in Sources */,
				9DAA7A5928D9F46D00456DCC /* ContentView.swift in Sources */,
				9DCA0E6B28DEE85100B08013 /* RecipesViewModel.swift in Sources */,
				9DAA7A5728D9F46D00456DCC /* RecepieSaverApp.swift in Sources */,
				9D83BF6428DB3E7E003EE2BD /* RecipeModel.swift in Sources */,
			);
			runOnlyForDeploymentPostprocessing = 0;
		};
/* End PBXSourcesBuildPhase section */

/* Begin XCBuildConfiguration section */
		9DAA7A5F28D9F47000456DCC /* Debug */ = {
			isa = XCBuildConfiguration;
			buildSettings = {
				ALWAYS_SEARCH_USER_PATHS = NO;
				CLANG_ANALYZER_NONNULL = YES;
				CLANG_ANALYZER_NUMBER_OBJECT_CONVERSION = YES_AGGRESSIVE;
				CLANG_CXX_LANGUAGE_STANDARD = "gnu++20";
				CLANG_ENABLE_MODULES = YES;
				CLANG_ENABLE_OBJC_ARC = YES;
				CLANG_ENABLE_OBJC_WEAK = YES;
				CLANG_WARN_BLOCK_CAPTURE_AUTORELEASING = YES;
				CLANG_WARN_BOOL_CONVERSION = YES;
				CLANG_WARN_COMMA = YES;
				CLANG_WARN_CONSTANT_CONVERSION = YES;
				CLANG_WARN_DEPRECATED_OBJC_IMPLEMENTATIONS = YES;
				CLANG_WARN_DIRECT_OBJC_ISA_USAGE = YES_ERROR;
				CLANG_WARN_DOCUMENTATION_COMMENTS = YES;
				CLANG_WARN_EMPTY_BODY = YES;
				CLANG_WARN_ENUM_CONVERSION = YES;
				CLANG_WARN_INFINITE_RECURSION = YES;
				CLANG_WARN_INT_CONVERSION = YES;
				CLANG_WARN_NON_LITERAL_NULL_CONVERSION = YES;
				CLANG_WARN_OBJC_IMPLICIT_RETAIN_SELF = YES;
				CLANG_WARN_OBJC_LITERAL_CONVERSION = YES;
				CLANG_WARN_OBJC_ROOT_CLASS = YES_ERROR;
				CLANG_WARN_QUOTED_INCLUDE_IN_FRAMEWORK_HEADER = YES;
				CLANG_WARN_RANGE_LOOP_ANALYSIS = YES;
				CLANG_WARN_STRICT_PROTOTYPES = YES;
				CLANG_WARN_SUSPICIOUS_MOVE = YES;
				CLANG_WARN_UNGUARDED_AVAILABILITY = YES_AGGRESSIVE;
				CLANG_WARN_UNREACHABLE_CODE = YES;
				CLANG_WARN__DUPLICATE_METHOD_MATCH = YES;
				COPY_PHASE_STRIP = NO;
				DEBUG_INFORMATION_FORMAT = dwarf;
				ENABLE_STRICT_OBJC_MSGSEND = YES;
				ENABLE_TESTABILITY = YES;
				GCC_C_LANGUAGE_STANDARD = gnu11;
				GCC_DYNAMIC_NO_PIC = NO;
				GCC_NO_COMMON_BLOCKS = YES;
				GCC_OPTIMIZATION_LEVEL = 0;
				GCC_PREPROCESSOR_DEFINITIONS = (
					"DEBUG=1",
					"$(inherited)",
				);
				GCC_WARN_64_TO_32_BIT_CONVERSION = YES;
				GCC_WARN_ABOUT_RETURN_TYPE = YES_ERROR;
				GCC_WARN_UNDECLARED_SELECTOR = YES;
				GCC_WARN_UNINITIALIZED_AUTOS = YES_AGGRESSIVE;
				GCC_WARN_UNUSED_FUNCTION = YES;
				GCC_WARN_UNUSED_VARIABLE = YES;
				IPHONEOS_DEPLOYMENT_TARGET = 16.0;
				MTL_ENABLE_DEBUG_INFO = INCLUDE_SOURCE;
				MTL_FAST_MATH = YES;
				ONLY_ACTIVE_ARCH = YES;
				SDKROOT = iphoneos;
				SWIFT_ACTIVE_COMPILATION_CONDITIONS = DEBUG;
				SWIFT_OPTIMIZATION_LEVEL = "-Onone";
			};
			name = Debug;
		};
		9DAA7A6028D9F47000456DCC /* Release */ = {
			isa = XCBuildConfiguration;
			buildSettings = {
				ALWAYS_SEARCH_USER_PATHS = NO;
				CLANG_ANALYZER_NONNULL = YES;
				CLANG_ANALYZER_NUMBER_OBJECT_CONVERSION = YES_AGGRESSIVE;
				CLANG_CXX_LANGUAGE_STANDARD = "gnu++20";
				CLANG_ENABLE_MODULES = YES;
				CLANG_ENABLE_OBJC_ARC = YES;
				CLANG_ENABLE_OBJC_WEAK = YES;
				CLANG_WARN_BLOCK_CAPTURE_AUTORELEASING = YES;
				CLANG_WARN_BOOL_CONVERSION = YES;
				CLANG_WARN_COMMA = YES;
				CLANG_WARN_CONSTANT_CONVERSION = YES;
				CLANG_WARN_DEPRECATED_OBJC_IMPLEMENTATIONS = YES;
				CLANG_WARN_DIRECT_OBJC_ISA_USAGE = YES_ERROR;
				CLANG_WARN_DOCUMENTATION_COMMENTS = YES;
				CLANG_WARN_EMPTY_BODY = YES;
				CLANG_WARN_ENUM_CONVERSION = YES;
				CLANG_WARN_INFINITE_RECURSION = YES;
				CLANG_WARN_INT_CONVERSION = YES;
				CLANG_WARN_NON_LITERAL_NULL_CONVERSION = YES;
				CLANG_WARN_OBJC_IMPLICIT_RETAIN_SELF = YES;
				CLANG_WARN_OBJC_LITERAL_CONVERSION = YES;
				CLANG_WARN_OBJC_ROOT_CLASS = YES_ERROR;
				CLANG_WARN_QUOTED_INCLUDE_IN_FRAMEWORK_HEADER = YES;
				CLANG_WARN_RANGE_LOOP_ANALYSIS = YES;
				CLANG_WARN_STRICT_PROTOTYPES = YES;
				CLANG_WARN_SUSPICIOUS_MOVE = YES;
				CLANG_WARN_UNGUARDED_AVAILABILITY = YES_AGGRESSIVE;
				CLANG_WARN_UNREACHABLE_CODE = YES;
				CLANG_WARN__DUPLICATE_METHOD_MATCH = YES;
				COPY_PHASE_STRIP = NO;
				DEBUG_INFORMATION_FORMAT = "dwarf-with-dsym";
				ENABLE_NS_ASSERTIONS = NO;
				ENABLE_STRICT_OBJC_MSGSEND = YES;
				GCC_C_LANGUAGE_STANDARD = gnu11;
				GCC_NO_COMMON_BLOCKS = YES;
				GCC_WARN_64_TO_32_BIT_CONVERSION = YES;
				GCC_WARN_ABOUT_RETURN_TYPE = YES_ERROR;
				GCC_WARN_UNDECLARED_SELECTOR = YES;
				GCC_WARN_UNINITIALIZED_AUTOS = YES_AGGRESSIVE;
				GCC_WARN_UNUSED_FUNCTION = YES;
				GCC_WARN_UNUSED_VARIABLE = YES;
				IPHONEOS_DEPLOYMENT_TARGET = 16.0;
				MTL_ENABLE_DEBUG_INFO = NO;
				MTL_FAST_MATH = YES;
				SDKROOT = iphoneos;
				SWIFT_COMPILATION_MODE = wholemodule;
				SWIFT_OPTIMIZATION_LEVEL = "-O";
				VALIDATE_PRODUCT = YES;
			};
			name = Release;
		};
		9DAA7A6228D9F47000456DCC /* Debug */ = {
			isa = XCBuildConfiguration;
			buildSettings = {
				ASSETCATALOG_COMPILER_APPICON_NAME = AppIcon;
				ASSETCATALOG_COMPILER_GLOBAL_ACCENT_COLOR_NAME = AccentColor;
				CODE_SIGN_STYLE = Automatic;
				CURRENT_PROJECT_VERSION = 1;
				DEVELOPMENT_ASSET_PATHS = "\"RecepieSaver/Preview Content\"";
				ENABLE_PREVIEWS = YES;
				GENERATE_INFOPLIST_FILE = YES;
				INFOPLIST_KEY_UIApplicationSceneManifest_Generation = YES;
				INFOPLIST_KEY_UIApplicationSupportsIndirectInputEvents = YES;
				INFOPLIST_KEY_UILaunchScreen_Generation = YES;
				INFOPLIST_KEY_UISupportedInterfaceOrientations_iPad = "UIInterfaceOrientationPortrait UIInterfaceOrientationPortraitUpsideDown UIInterfaceOrientationLandscapeLeft UIInterfaceOrientationLandscapeRight";
				INFOPLIST_KEY_UISupportedInterfaceOrientations_iPhone = "UIInterfaceOrientationPortrait UIInterfaceOrientationLandscapeLeft UIInterfaceOrientationLandscapeRight";
				LD_RUNPATH_SEARCH_PATHS = (
					"$(inherited)",
					"@executable_path/Frameworks",
				);
				MARKETING_VERSION = 1.0;
				PRODUCT_BUNDLE_IDENTIFIER = com.nari.RecepieSaver;
				PRODUCT_NAME = "$(TARGET_NAME)";
				SWIFT_EMIT_LOC_STRINGS = YES;
				SWIFT_VERSION = 5.0;
				TARGETED_DEVICE_FAMILY = "1,2";
			};
			name = Debug;
		};
		9DAA7A6328D9F47000456DCC /* Release */ = {
			isa = XCBuildConfiguration;
			buildSettings = {
				ASSETCATALOG_COMPILER_APPICON_NAME = AppIcon;
				ASSETCATALOG_COMPILER_GLOBAL_ACCENT_COLOR_NAME = AccentColor;
				CODE_SIGN_STYLE = Automatic;
				CURRENT_PROJECT_VERSION = 1;
				DEVELOPMENT_ASSET_PATHS = "\"RecepieSaver/Preview Content\"";
				ENABLE_PREVIEWS = YES;
				GENERATE_INFOPLIST_FILE = YES;
				INFOPLIST_KEY_UIApplicationSceneManifest_Generation = YES;
				INFOPLIST_KEY_UIApplicationSupportsIndirectInputEvents = YES;
				INFOPLIST_KEY_UILaunchScreen_Generation = YES;
				INFOPLIST_KEY_UISupportedInterfaceOrientations_iPad = "UIInterfaceOrientationPortrait UIInterfaceOrientationPortraitUpsideDown UIInterfaceOrientationLandscapeLeft UIInterfaceOrientationLandscapeRight";
				INFOPLIST_KEY_UISupportedInterfaceOrientations_iPhone = "UIInterfaceOrientationPortrait UIInterfaceOrientationLandscapeLeft UIInterfaceOrientationLandscapeRight";
				LD_RUNPATH_SEARCH_PATHS = (
					"$(inherited)",
					"@executable_path/Frameworks",
				);
				MARKETING_VERSION = 1.0;
				PRODUCT_BUNDLE_IDENTIFIER = com.nari.RecepieSaver;
				PRODUCT_NAME = "$(TARGET_NAME)";
				SWIFT_EMIT_LOC_STRINGS = YES;
				SWIFT_VERSION = 5.0;
				TARGETED_DEVICE_FAMILY = "1,2";
			};
			name = Release;
		};
/* End XCBuildConfiguration section */

/* Begin XCConfigurationList section */
		9DAA7A4E28D9F46D00456DCC /* Build configuration list for PBXProject "RecepieSaver" */ = {
			isa = XCConfigurationList;
			buildConfigurations = (
				9DAA7A5F28D9F47000456DCC /* Debug */,
				9DAA7A6028D9F47000456DCC /* Release */,
			);
			defaultConfigurationIsVisible = 0;
			defaultConfigurationName = Release;
		};
		9DAA7A6128D9F47000456DCC /* Build configuration list for PBXNativeTarget "RecepieSaver" */ = {
			isa = XCConfigurationList;
			buildConfigurations = (
				9DAA7A6228D9F47000456DCC /* Debug */,
				9DAA7A6328D9F47000456DCC /* Release */,
			);
			defaultConfigurationIsVisible = 0;
			defaultConfigurationName = Release;
		};
/* End XCConfigurationList section */
	};
	rootObject = 9DAA7A4B28D9F46D00456DCC /* Project object */;
}
